
Microsoft Visual Studio Solution File, Format Version 12.00
# Visual Studio Version 16
VisualStudioVersion = 16.0.29102.190
MinimumVisualStudioVersion = 10.0.40219.1
Project("{9A19103F-16F7-4668-BE54-9A1E7A4F7556}") = "Financials.Api", "Financials.Api\Financials.Api.csproj", "{D7313B93-427D-4401-B11A-84C5626A4474}"
EndProject
Project("{9A19103F-16F7-4668-BE54-9A1E7A4F7556}") = "Financials.Application", "Financials.Application\Financials.Application.csproj", "{009B8087-AAC7-4887-9C7D-2833D872CC8F}"
EndProject
Project("{9A19103F-16F7-4668-BE54-9A1E7A4F7556}") = "Financials.Database", "Financials.Database\Financials.Database.csproj", "{2AC38839-A08A-43F8-83D0-5107AFEAC430}"
EndProject
Project("{FAE04EC0-301F-11D3-BF4B-00C04F79EFBC}") = "Financials.Entities", "Financials.Entities\Financials.Entities.csproj", "{8F47167B-4D82-4B8F-B194-8E3770EEC083}"
EndProject
Project("{FAE04EC0-301F-11D3-BF4B-00C04F79EFBC}") = "Financials.Infrastructure", "Financials.Infrastructure\Financials.Infrastructure.csproj", "{54C392B4-DD8A-49A0-AA1C-B08E449A8EF2}"
EndProject
Global
	GlobalSection(SolutionConfigurationPlatforms) = preSolution
		Debug|Any CPU = Debug|Any CPU
		Release|Any CPU = Release|Any CPU
	EndGlobalSection
	GlobalSection(ProjectConfigurationPlatforms) = postSolution
		{D7313B93-427D-4401-B11A-84C5626A4474}.Debug|Any CPU.ActiveCfg = Debug|Any CPU
		{D7313B93-427D-4401-B11A-84C5626A4474}.Debug|Any CPU.Build.0 = Debug|Any CPU
		{D7313B93-427D-4401-B11A-84C5626A4474}.Release|Any CPU.ActiveCfg = Release|Any CPU
		{D7313B93-427D-4401-B11A-84C5626A4474}.Release|Any CPU.Build.0 = Release|Any CPU
		{009B8087-AAC7-4887-9C7D-2833D872CC8F}.Debug|Any CPU.ActiveCfg = Debug|Any CPU
		{009B8087-AAC7-4887-9C7D-2833D872CC8F}.Debug|Any CPU.Build.0 = Debug|Any CPU
		{009B8087-AAC7-4887-9C7D-2833D872CC8F}.Release|Any CPU.ActiveCfg = Release|Any CPU
		{009B8087-AAC7-4887-9C7D-2833D872CC8F}.Release|Any CPU.Build.0 = Release|Any CPU
		{2AC38839-A08A-43F8-83D0-5107AFEAC430}.Debug|Any CPU.ActiveCfg = Debug|Any CPU
		{2AC38839-A08A-43F8-83D0-5107AFEAC430}.Debug|Any CPU.Build.0 = Debug|Any CPU
		{2AC38839-A08A-43F8-83D0-5107AFEAC430}.Release|Any CPU.ActiveCfg = Release|Any CPU
		{2AC38839-A08A-43F8-83D0-5107AFEAC430}.Release|Any CPU.Build.0 = Release|Any CPU
		{8F47167B-4D82-4B8F-B194-8E3770EEC083}.Debug|Any CPU.ActiveCfg = Debug|Any CPU
		{8F47167B-4D82-4B8F-B194-8E3770EEC083}.Debug|Any CPU.Build.0 = Debug|Any CPU
		{8F47167B-4D82-4B8F-B194-8E3770EEC083}.Release|Any CPU.ActiveCfg = Release|Any CPU
		{8F47167B-4D82-4B8F-B194-8E3770EEC083}.Release|Any CPU.Build.0 = Release|Any CPU
		{54C392B4-DD8A-49A0-AA1C-B08E449A8EF2}.Debug|Any CPU.ActiveCfg = Debug|Any CPU
		{54C392B4-DD8A-49A0-AA1C-B08E449A8EF2}.Debug|Any CPU.Build.0 = Debug|Any CPU
		{54C392B4-DD8A-49A0-AA1C-B08E449A8EF2}.Release|Any CPU.ActiveCfg = Release|Any CPU
		{54C392B4-DD8A-49A0-AA1C-B08E449A8EF2}.Release|Any CPU.Build.0 = Release|Any CPU
	EndGlobalSection
	GlobalSection(SolutionProperties) = preSolution
		HideSolutionNode = FALSE
	EndGlobalSection
	GlobalSection(ExtensibilityGlobals) = postSolution
		SolutionGuid = {E96B8A8B-55C8-40A7-8288-5845518C9A98}
	EndGlobalSection
EndGlobal
